
Microsoft Visual Studio Solution File, Format Version 12.00
# Visual Studio Version 16
VisualStudioVersion = 16.0.30128.74
MinimumVisualStudioVersion = 10.0.40219.1
Project("{FAE04EC0-301F-11D3-BF4B-00C04F79EFBC}") = "DataStructures", "DataStructures\DataStructures.csproj", "{52B2731B-0A9C-4572-83A5-E70E0972442D}"
EndProject
Project("{FAE04EC0-301F-11D3-BF4B-00C04F79EFBC}") = "DataStructuresTest", "DataStructuresTest\DataStructuresTest.csproj", "{5E0AE8AB-F1DD-46E0-89B2-8E6F7E3641A3}"
EndProject
Global
	GlobalSection(SolutionConfigurationPlatforms) = preSolution
		Debug|Any CPU = Debug|Any CPU
		Release|Any CPU = Release|Any CPU
	EndGlobalSection
	GlobalSection(ProjectConfigurationPlatforms) = postSolution
		{52B2731B-0A9C-4572-83A5-E70E0972442D}.Debug|Any CPU.ActiveCfg = Debug|Any CPU
		{52B2731B-0A9C-4572-83A5-E70E0972442D}.Debug|Any CPU.Build.0 = Debug|Any CPU
		{52B2731B-0A9C-4572-83A5-E70E0972442D}.Release|Any CPU.ActiveCfg = Release|Any CPU
		{52B2731B-0A9C-4572-83A5-E70E0972442D}.Release|Any CPU.Build.0 = Release|Any CPU
		{5E0AE8AB-F1DD-46E0-89B2-8E6F7E3641A3}.Debug|Any CPU.ActiveCfg = Debug|Any CPU
		{5E0AE8AB-F1DD-46E0-89B2-8E6F7E3641A3}.Debug|Any CPU.Build.0 = Debug|Any CPU
		{5E0AE8AB-F1DD-46E0-89B2-8E6F7E3641A3}.Release|Any CPU.ActiveCfg = Release|Any CPU
		{5E0AE8AB-F1DD-46E0-89B2-8E6F7E3641A3}.Release|Any CPU.Build.0 = Release|Any CPU
	EndGlobalSection
	GlobalSection(SolutionProperties) = preSolution
		HideSolutionNode = FALSE
	EndGlobalSection
	GlobalSection(ExtensibilityGlobals) = postSolution
		SolutionGuid = {FE7DD8FF-76CA-44F4-A670-489DDDCE38E7}
	EndGlobalSection
EndGlobal
